<?xml version="1.0" encoding="utf-8"?>
<Project ToolsVersion="18.0" xmlns="http://schemas.microsoft.com/developer/msbuild/2003">
  <ItemGroup>
    <ClCompile Include="D:\c++大作业\PhantomDrive517\build_test\test_visualization_standalone_autogen\mocs_compilation_Debug.cpp">
      <Filter>Source Files</Filter>
    </ClCompile>
    <ClCompile Include="D:\c++大作业\PhantomDrive517\src\UI\GameViewWidget.cpp">
      <Filter>Source Files</Filter>
    </ClCompile>
    <ClCompile Include="D:\c++大作业\PhantomDrive517\src\UI\TestVisualizationWindow.cpp">
      <Filter>Source Files</Filter>
    </ClCompile>
    <ClCompile Include="D:\c++大作业\PhantomDrive517\tests\test_visualization_main.cpp">
      <Filter>Source Files</Filter>
    </ClCompile>
    <ClCompile Include="D:\c++大作业\PhantomDrive517\src\track\TrackTile.cpp">
      <Filter>Source Files</Filter>
    </ClCompile>
    <ClCompile Include="D:\c++大作业\PhantomDrive517\src\track\TrackData.cpp">
      <Filter>Source Files</Filter>
    </ClCompile>
    <ClCompile Include="D:\c++大作业\PhantomDrive517\build_test\test_visualization_standalone_autogen\mocs_compilation_Release.cpp">
      <Filter>Source Files</Filter>
    </ClCompile>
    <ClCompile Include="D:\c++大作业\PhantomDrive517\build_test\test_visualization_standalone_autogen\mocs_compilation_MinSizeRel.cpp">
      <Filter>Source Files</Filter>
    </ClCompile>
    <ClCompile Include="D:\c++大作业\PhantomDrive517\build_test\test_visualization_standalone_autogen\mocs_compilation_RelWithDebInfo.cpp">
      <Filter>Source Files</Filter>
    </ClCompile>
  </ItemGroup>
  <ItemGroup>
    <CustomBuild Include="D:\c++大作业\PhantomDrive517\tests\CMakeLists.txt" />
  </ItemGroup>
  <ItemGroup>
    <Filter Include="Source Files">
      <UniqueIdentifier>{F3A9AA89-2CE2-348F-969A-BAF6D95E7E62}</UniqueIdentifier>
    </Filter>
  </ItemGroup>
</Project>
