<?xml version="1.0" encoding="UTF-8"?>
<Solution>
	<Configurations>
		<BuildType Name="Debug"/>
		<BuildType Name="Release"/>
		<BuildType Name="MinSizeRel"/>
		<BuildType Name="RelWithDebInfo"/>
		<Platform Name="x64"/>
	</Configurations>
	<Project Path="ALL_BUILD.vcxproj" Type="8bc9ceb8-8b4a-11d0-8d11-00a0c91bc942" Id="2cb522b0-9cb0-35a5-baca-ae0152399598" DefaultStartup="true">
		<BuildDependency Project="ZERO_CHECK.vcxproj"/>
		<BuildDependency Project="test_visualization_standalone.vcxproj"/>
		<Build Solution="Debug|*" Project="false"/>
		<Build Solution="Release|*" Project="false"/>
		<Build Solution="MinSizeRel|*" Project="false"/>
		<Build Solution="RelWithDebInfo|*" Project="false"/>
	</Project>
	<Project Path="ZERO_CHECK.vcxproj" Type="8bc9ceb8-8b4a-11d0-8d11-00a0c91bc942" Id="e0b2c1c5-7213-3b39-9f64-a9efc5df92e8"/>
	<Project Path="test_visualization_standalone.vcxproj" Type="8bc9ceb8-8b4a-11d0-8d11-00a0c91bc942" Id="3927db96-0b91-35f9-b228-1f5a7d631b78">
		<BuildDependency Project="ZERO_CHECK.vcxproj"/>
	</Project>
</Solution>
